
Microsoft Visual Studio Solution File, Format Version 12.00
# Visual Studio Version 17
VisualStudioVersion = 17.0.31912.275
MinimumVisualStudioVersion = 10.0.40219.1
Project("{FAE04EC0-301F-11D3-BF4B-00C04F79EFBC}") = "ORMFund", "ORMFund.csproj", "{733F35F8-D535-41EE-802D-F9A89EE8809A}"
EndProject
Project("{FAE04EC0-301F-11D3-BF4B-00C04F79EFBC}") = "EFDataAccess", "..\EFDataAccess\EFDataAccess.csproj", "{6FA3544A-3298-4705-9C3D-19EB25404E01}"
EndProject
Project("{FAE04EC0-301F-11D3-BF4B-00C04F79EFBC}") = "DapperDataAccess", "..\DapperDataAccess\DapperDataAccess.csproj", "{EF66C49F-62C0-4A3A-AD63-36816A1D24E7}"
EndProject
Project("{FAE04EC0-301F-11D3-BF4B-00C04F79EFBC}") = "Domain", "..\Domain\Domain.csproj", "{CC1510AC-2913-4032-9118-49640EB9B9B0}"
EndProject
Global
	GlobalSection(SolutionConfigurationPlatforms) = preSolution
		Debug|Any CPU = Debug|Any CPU
		Release|Any CPU = Release|Any CPU
	EndGlobalSection
	GlobalSection(ProjectConfigurationPlatforms) = postSolution
		{733F35F8-D535-41EE-802D-F9A89EE8809A}.Debug|Any CPU.ActiveCfg = Debug|Any CPU
		{733F35F8-D535-41EE-802D-F9A89EE8809A}.Debug|Any CPU.Build.0 = Debug|Any CPU
		{733F35F8-D535-41EE-802D-F9A89EE8809A}.Release|Any CPU.ActiveCfg = Release|Any CPU
		{733F35F8-D535-41EE-802D-F9A89EE8809A}.Release|Any CPU.Build.0 = Release|Any CPU
		{6FA3544A-3298-4705-9C3D-19EB25404E01}.Debug|Any CPU.ActiveCfg = Debug|Any CPU
		{6FA3544A-3298-4705-9C3D-19EB25404E01}.Debug|Any CPU.Build.0 = Debug|Any CPU
		{6FA3544A-3298-4705-9C3D-19EB25404E01}.Release|Any CPU.ActiveCfg = Release|Any CPU
		{6FA3544A-3298-4705-9C3D-19EB25404E01}.Release|Any CPU.Build.0 = Release|Any CPU
		{EF66C49F-62C0-4A3A-AD63-36816A1D24E7}.Debug|Any CPU.ActiveCfg = Debug|Any CPU
		{EF66C49F-62C0-4A3A-AD63-36816A1D24E7}.Debug|Any CPU.Build.0 = Debug|Any CPU
		{EF66C49F-62C0-4A3A-AD63-36816A1D24E7}.Release|Any CPU.ActiveCfg = Release|Any CPU
		{EF66C49F-62C0-4A3A-AD63-36816A1D24E7}.Release|Any CPU.Build.0 = Release|Any CPU
		{CC1510AC-2913-4032-9118-49640EB9B9B0}.Debug|Any CPU.ActiveCfg = Debug|Any CPU
		{CC1510AC-2913-4032-9118-49640EB9B9B0}.Debug|Any CPU.Build.0 = Debug|Any CPU
		{CC1510AC-2913-4032-9118-49640EB9B9B0}.Release|Any CPU.ActiveCfg = Release|Any CPU
		{CC1510AC-2913-4032-9118-49640EB9B9B0}.Release|Any CPU.Build.0 = Release|Any CPU
	EndGlobalSection
	GlobalSection(SolutionProperties) = preSolution
		HideSolutionNode = FALSE
	EndGlobalSection
	GlobalSection(ExtensibilityGlobals) = postSolution
		SolutionGuid = {0E70EA27-BD56-4DD1-92AB-C5E3E7ACC6CC}
	EndGlobalSection
EndGlobal
